
Microsoft Visual Studio Solution File, Format Version 12.00
# Visual Studio Version 17
VisualStudioVersion = 17.7.34031.279
MinimumVisualStudioVersion = 10.0.40219.1
Project("{9A19103F-16F7-4668-BE54-9A1E7A4F7556}") = "AcademyApp", "AcademyApp\AcademyApp.csproj", "{4FFDCD8B-0BDB-4852-BEDE-8248AE18E060}"
EndProject
Project("{9A19103F-16F7-4668-BE54-9A1E7A4F7556}") = "AcademyApp.Domain", "AcademyApp.Domain\AcademyApp.Domain.csproj", "{C084C3AA-E7C2-47D3-A145-F75BBC0723C0}"
EndProject
Project("{9A19103F-16F7-4668-BE54-9A1E7A4F7556}") = "AcademyApp.DataContext", "AcademyApp.DataContext\AcademyApp.DataContext.csproj", "{706C413B-2CA5-4D70-B363-90428C5411CF}"
EndProject
Project("{9A19103F-16F7-4668-BE54-9A1E7A4F7556}") = "AcademyApp.Business", "AcademyApp.Business\AcademyApp.Business.csproj", "{57F5B4BD-C0FB-4E1D-9381-A31DEB3C4C5F}"
EndProject
Project("{FAE04EC0-301F-11D3-BF4B-00C04F79EFBC}") = "AcademyApp.Helper", "AcademyApp.Helper\AcademyApp.Helper.csproj", "{12223F31-A759-4A51-8E75-ED251D61595E}"
EndProject
Global
	GlobalSection(SolutionConfigurationPlatforms) = preSolution
		Debug|Any CPU = Debug|Any CPU
		Release|Any CPU = Release|Any CPU
	EndGlobalSection
	GlobalSection(ProjectConfigurationPlatforms) = postSolution
		{4FFDCD8B-0BDB-4852-BEDE-8248AE18E060}.Debug|Any CPU.ActiveCfg = Debug|Any CPU
		{4FFDCD8B-0BDB-4852-BEDE-8248AE18E060}.Debug|Any CPU.Build.0 = Debug|Any CPU
		{4FFDCD8B-0BDB-4852-BEDE-8248AE18E060}.Release|Any CPU.ActiveCfg = Release|Any CPU
		{4FFDCD8B-0BDB-4852-BEDE-8248AE18E060}.Release|Any CPU.Build.0 = Release|Any CPU
		{C084C3AA-E7C2-47D3-A145-F75BBC0723C0}.Debug|Any CPU.ActiveCfg = Debug|Any CPU
		{C084C3AA-E7C2-47D3-A145-F75BBC0723C0}.Debug|Any CPU.Build.0 = Debug|Any CPU
		{C084C3AA-E7C2-47D3-A145-F75BBC0723C0}.Release|Any CPU.ActiveCfg = Release|Any CPU
		{C084C3AA-E7C2-47D3-A145-F75BBC0723C0}.Release|Any CPU.Build.0 = Release|Any CPU
		{706C413B-2CA5-4D70-B363-90428C5411CF}.Debug|Any CPU.ActiveCfg = Debug|Any CPU
		{706C413B-2CA5-4D70-B363-90428C5411CF}.Debug|Any CPU.Build.0 = Debug|Any CPU
		{706C413B-2CA5-4D70-B363-90428C5411CF}.Release|Any CPU.ActiveCfg = Release|Any CPU
		{706C413B-2CA5-4D70-B363-90428C5411CF}.Release|Any CPU.Build.0 = Release|Any CPU
		{57F5B4BD-C0FB-4E1D-9381-A31DEB3C4C5F}.Debug|Any CPU.ActiveCfg = Debug|Any CPU
		{57F5B4BD-C0FB-4E1D-9381-A31DEB3C4C5F}.Debug|Any CPU.Build.0 = Debug|Any CPU
		{57F5B4BD-C0FB-4E1D-9381-A31DEB3C4C5F}.Release|Any CPU.ActiveCfg = Release|Any CPU
		{57F5B4BD-C0FB-4E1D-9381-A31DEB3C4C5F}.Release|Any CPU.Build.0 = Release|Any CPU
		{12223F31-A759-4A51-8E75-ED251D61595E}.Debug|Any CPU.ActiveCfg = Debug|Any CPU
		{12223F31-A759-4A51-8E75-ED251D61595E}.Debug|Any CPU.Build.0 = Debug|Any CPU
		{12223F31-A759-4A51-8E75-ED251D61595E}.Release|Any CPU.ActiveCfg = Release|Any CPU
		{12223F31-A759-4A51-8E75-ED251D61595E}.Release|Any CPU.Build.0 = Release|Any CPU
	EndGlobalSection
	GlobalSection(SolutionProperties) = preSolution
		HideSolutionNode = FALSE
	EndGlobalSection
	GlobalSection(ExtensibilityGlobals) = postSolution
		SolutionGuid = {0EF6786E-32A3-4AC4-8B55-E22764AD02AF}
	EndGlobalSection
EndGlobal
